
Microsoft Visual Studio Solution File, Format Version 12.00
# Visual Studio Version 17
VisualStudioVersion = 17.6.33712.159
MinimumVisualStudioVersion = 10.0.40219.1
Project("{FAE04EC0-301F-11D3-BF4B-00C04F79EFBC}") = "WebMeetingParticipantChecker", "WebMeetingParticipantChecker\WebMeetingParticipantChecker.csproj", "{59DF0EFC-B095-4D95-92CF-F28512D5F87C}"
EndProject
Project("{FAE04EC0-301F-11D3-BF4B-00C04F79EFBC}") = "WebMeetingParticipantCheckerTests", "WebMeetingParticipantCheckerTests\WebMeetingParticipantCheckerTests.csproj", "{F6B5771C-879A-4870-81BF-80A7F956E058}"
EndProject
Global
	GlobalSection(SolutionConfigurationPlatforms) = preSolution
		Debug|Any CPU = Debug|Any CPU
		Release|Any CPU = Release|Any CPU
	EndGlobalSection
	GlobalSection(ProjectConfigurationPlatforms) = postSolution
		{59DF0EFC-B095-4D95-92CF-F28512D5F87C}.Debug|Any CPU.ActiveCfg = Debug|Any CPU
		{59DF0EFC-B095-4D95-92CF-F28512D5F87C}.Debug|Any CPU.Build.0 = Debug|Any CPU
		{59DF0EFC-B095-4D95-92CF-F28512D5F87C}.Release|Any CPU.ActiveCfg = Release|Any CPU
		{59DF0EFC-B095-4D95-92CF-F28512D5F87C}.Release|Any CPU.Build.0 = Release|Any CPU
		{F6B5771C-879A-4870-81BF-80A7F956E058}.Debug|Any CPU.ActiveCfg = Debug|Any CPU
		{F6B5771C-879A-4870-81BF-80A7F956E058}.Debug|Any CPU.Build.0 = Debug|Any CPU
		{F6B5771C-879A-4870-81BF-80A7F956E058}.Release|Any CPU.ActiveCfg = Release|Any CPU
		{F6B5771C-879A-4870-81BF-80A7F956E058}.Release|Any CPU.Build.0 = Release|Any CPU
	EndGlobalSection
	GlobalSection(SolutionProperties) = preSolution
		HideSolutionNode = FALSE
	EndGlobalSection
	GlobalSection(ExtensibilityGlobals) = postSolution
		SolutionGuid = {3CD98918-20DE-435B-B5D1-8916075DD990}
	EndGlobalSection
EndGlobal
